// !$*UTF8*$!
{
	archiveVersion = 1;
	classes = {
	};
	objectVersion = 50;
	objects = {

/* Begin PBXBuildFile section */
		6D677D1023FBCB550056FE29 /* AppDelegate.swift in Sources */ = {isa = PBXBuildFile; fileRef = 6D677D0F23FBCB550056FE29 /* AppDelegate.swift */; };
		6D677D1223FBCB550056FE29 /* SceneDelegate.swift in Sources */ = {isa = PBXBuildFile; fileRef = 6D677D1123FBCB550056FE29 /* SceneDelegate.swift */; };
		6D677D1423FBCB550056FE29 /* ViewController.swift in Sources */ = {isa = PBXBuildFile; fileRef = 6D677D1323FBCB550056FE29 /* ViewController.swift */; };
		6D677D1723FBCB550056FE29 /* Main.storyboard in Resources */ = {isa = PBXBuildFile; fileRef = 6D677D1523FBCB550056FE29 /* Main.storyboard */; };
		6D677D1A23FBCB550056FE29 /* CloneContacts.xcdatamodeld in Sources */ = {isa = PBXBuildFile; fileRef = 6D677D1823FBCB550056FE29 /* CloneContacts.xcdatamodeld */; };
		6D677D1C23FBCB570056FE29 /* Assets.xcassets in Resources */ = {isa = PBXBuildFile; fileRef = 6D677D1B23FBCB570056FE29 /* Assets.xcassets */; };
		6D677D1F23FBCB570056FE29 /* LaunchScreen.storyboard in Resources */ = {isa = PBXBuildFile; fileRef = 6D677D1D23FBCB570056FE29 /* LaunchScreen.storyboard */; };
		6D696A4D23FBCF7F00BAA7AB /* Phone+CoreDataClass.swift in Sources */ = {isa = PBXBuildFile; fileRef = 6D696A4923FBCF7F00BAA7AB /* Phone+CoreDataClass.swift */; };
		6D696A4E23FBCF7F00BAA7AB /* Phone+CoreDataProperties.swift in Sources */ = {isa = PBXBuildFile; fileRef = 6D696A4A23FBCF7F00BAA7AB /* Phone+CoreDataProperties.swift */; };
		6D696A4F23FBCF7F00BAA7AB /* User+CoreDataClass.swift in Sources */ = {isa = PBXBuildFile; fileRef = 6D696A4B23FBCF7F00BAA7AB /* User+CoreDataClass.swift */; };
		6D696A5023FBCF7F00BAA7AB /* User+CoreDataProperties.swift in Sources */ = {isa = PBXBuildFile; fileRef = 6D696A4C23FBCF7F00BAA7AB /* User+CoreDataProperties.swift */; };
		6D696A5623FD1C1E00BAA7AB /* AddViewController.swift in Sources */ = {isa = PBXBuildFile; fileRef = 6D696A5523FD1C1E00BAA7AB /* AddViewController.swift */; };
		6D696A5A23FD43F200BAA7AB /* ContactTableViewCell.swift in Sources */ = {isa = PBXBuildFile; fileRef = 6D696A5923FD43F200BAA7AB /* ContactTableViewCell.swift */; };
		6D696A5D23FD47D000BAA7AB /* DetailViewController.swift in Sources */ = {isa = PBXBuildFile; fileRef = 6D696A5C23FD47D000BAA7AB /* DetailViewController.swift */; };
/* End PBXBuildFile section */

/* Begin PBXFileReference section */
		6D677D0C23FBCB550056FE29 /* CloneContacts.app */ = {isa = PBXFileReference; explicitFileType = wrapper.application; includeInIndex = 0; path = CloneContacts.app; sourceTree = BUILT_PRODUCTS_DIR; };
		6D677D0F23FBCB550056FE29 /* AppDelegate.swift */ = {isa = PBXFileReference; lastKnownFileType = sourcecode.swift; path = AppDelegate.swift; sourceTree = "<group>"; };
		6D677D1123FBCB550056FE29 /* SceneDelegate.swift */ = {isa = PBXFileReference; lastKnownFileType = sourcecode.swift; path = SceneDelegate.swift; sourceTree = "<group>"; };
		6D677D1323FBCB550056FE29 /* ViewController.swift */ = {isa = PBXFileReference; lastKnownFileType = sourcecode.swift; path = ViewController.swift; sourceTree = "<group>"; };
		6D677D1623FBCB550056FE29 /* Base */ = {isa = PBXFileReference; lastKnownFileType = file.storyboard; name = Base; path = Base.lproj/Main.storyboard; sourceTree = "<group>"; };
		6D677D1923FBCB550056FE29 /* CloneContacts.xcdatamodel */ = {isa = PBXFileReference; lastKnownFileType = wrapper.xcdatamodel; path = CloneContacts.xcdatamodel; sourceTree = "<group>"; };
		6D677D1B23FBCB570056FE29 /* Assets.xcassets */ = {isa = PBXFileReference; lastKnownFileType = folder.assetcatalog; path = Assets.xcassets; sourceTree = "<group>"; };
		6D677D1E23FBCB570056FE29 /* Base */ = {isa = PBXFileReference; lastKnownFileType = file.storyboard; name = Base; path = Base.lproj/LaunchScreen.storyboard; sourceTree = "<group>"; };
		6D677D2023FBCB570056FE29 /* Info.plist */ = {isa = PBXFileReference; lastKnownFileType = text.plist.xml; path = Info.plist; sourceTree = "<group>"; };
		6D696A4923FBCF7F00BAA7AB /* Phone+CoreDataClass.swift */ = {isa = PBXFileReference; lastKnownFileType = sourcecode.swift; path = "Phone+CoreDataClass.swift"; sourceTree = "<group>"; };
		6D696A4A23FBCF7F00BAA7AB /* Phone+CoreDataProperties.swift */ = {isa = PBXFileReference; lastKnownFileType = sourcecode.swift; path = "Phone+CoreDataProperties.swift"; sourceTree = "<group>"; };
		6D696A4B23FBCF7F00BAA7AB /* User+CoreDataClass.swift */ = {isa = PBXFileReference; lastKnownFileType = sourcecode.swift; path = "User+CoreDataClass.swift"; sourceTree = "<group>"; };
		6D696A4C23FBCF7F00BAA7AB /* User+CoreDataProperties.swift */ = {isa = PBXFileReference; lastKnownFileType = sourcecode.swift; path = "User+CoreDataProperties.swift"; sourceTree = "<group>"; };
		6D696A5523FD1C1E00BAA7AB /* AddViewController.swift */ = {isa = PBXFileReference; lastKnownFileType = sourcecode.swift; path = AddViewController.swift; sourceTree = "<group>"; };
		6D696A5923FD43F200BAA7AB /* ContactTableViewCell.swift */ = {isa = PBXFileReference; lastKnownFileType = sourcecode.swift; path = ContactTableViewCell.swift; sourceTree = "<group>"; };
		6D696A5C23FD47D000BAA7AB /* DetailViewController.swift */ = {isa = PBXFileReference; lastKnownFileType = sourcecode.swift; path = DetailViewController.swift; sourceTree = "<group>"; };
		6D696A5E23FE404600BAA7AB /* README.md */ = {isa = PBXFileReference; lastKnownFileType = net.daringfireball.markdown; path = README.md; sourceTree = "<group>"; };
/* End PBXFileReference section */

/* Begin PBXFrameworksBuildPhase section */
		6D677D0923FBCB550056FE29 /* Frameworks */ = {
			isa = PBXFrameworksBuildPhase;
			buildActionMask = 2147483647;
			files = (
			);
			runOnlyForDeploymentPostprocessing = 0;
		};
/* End PBXFrameworksBuildPhase section */

/* Begin PBXGroup section */
		6D677D0323FBCB550056FE29 = {
			isa = PBXGroup;
			children = (
				6D696A5E23FE404600BAA7AB /* README.md */,
				6D677D0E23FBCB550056FE29 /* CloneContacts */,
				6D677D0D23FBCB550056FE29 /* Products */,
			);
			sourceTree = "<group>";
		};
		6D677D0D23FBCB550056FE29 /* Products */ = {
			isa = PBXGroup;
			children = (
				6D677D0C23FBCB550056FE29 /* CloneContacts.app */,
			);
			name = Products;
			sourceTree = "<group>";
		};
		6D677D0E23FBCB550056FE29 /* CloneContacts */ = {
			isa = PBXGroup;
			children = (
				6D696A5B23FD47B700BAA7AB /* DetailScene */,
				6D696A5423FD1BFB00BAA7AB /* AddScene */,
				6D696A5123FCD7A500BAA7AB /* ContactsScene */,
				6D677D2E23FBCC530056FE29 /* CoreData */,
				6D677D0F23FBCB550056FE29 /* AppDelegate.swift */,
				6D677D1123FBCB550056FE29 /* SceneDelegate.swift */,
				6D677D1523FBCB550056FE29 /* Main.storyboard */,
				6D677D1B23FBCB570056FE29 /* Assets.xcassets */,
				6D677D1D23FBCB570056FE29 /* LaunchScreen.storyboard */,
				6D677D2023FBCB570056FE29 /* Info.plist */,
			);
			path = CloneContacts;
			sourceTree = "<group>";
		};
		6D677D2E23FBCC530056FE29 /* CoreData */ = {
			isa = PBXGroup;
			children = (
				6D696A4923FBCF7F00BAA7AB /* Phone+CoreDataClass.swift */,
				6D696A4A23FBCF7F00BAA7AB /* Phone+CoreDataProperties.swift */,
				6D696A4B23FBCF7F00BAA7AB /* User+CoreDataClass.swift */,
				6D696A4C23FBCF7F00BAA7AB /* User+CoreDataProperties.swift */,
				6D677D1823FBCB550056FE29 /* CloneContacts.xcdatamodeld */,
			);
			path = CoreData;
			sourceTree = "<group>";
		};
		6D696A5123FCD7A500BAA7AB /* ContactsScene */ = {
			isa = PBXGroup;
			children = (
				6D677D1323FBCB550056FE29 /* ViewController.swift */,
				6D696A5923FD43F200BAA7AB /* ContactTableViewCell.swift */,
			);
			path = ContactsScene;
			sourceTree = "<group>";
		};
		6D696A5423FD1BFB00BAA7AB /* AddScene */ = {
			isa = PBXGroup;
			children = (
				6D696A5523FD1C1E00BAA7AB /* AddViewController.swift */,
			);
			path = AddScene;
			sourceTree = "<group>";
		};
		6D696A5B23FD47B700BAA7AB /* DetailScene */ = {
			isa = PBXGroup;
			children = (
				6D696A5C23FD47D000BAA7AB /* DetailViewController.swift */,
			);
			path = DetailScene;
			sourceTree = "<group>";
		};
/* End PBXGroup section */

/* Begin PBXNativeTarget section */
		6D677D0B23FBCB550056FE29 /* CloneContacts */ = {
			isa = PBXNativeTarget;
			buildConfigurationList = 6D677D2323FBCB570056FE29 /* Build configuration list for PBXNativeTarget "CloneContacts" */;
			buildPhases = (
				6D677D0823FBCB550056FE29 /* Sources */,
				6D677D0923FBCB550056FE29 /* Frameworks */,
				6D677D0A23FBCB550056FE29 /* Resources */,
			);
			buildRules = (
			);
			dependencies = (
			);
			name = CloneContacts;
			productName = CloneContacts;
			productReference = 6D677D0C23FBCB550056FE29 /* CloneContacts.app */;
			productType = "com.apple.product-type.application";
		};
/* End PBXNativeTarget section */

/* Begin PBXProject section */
		6D677D0423FBCB550056FE29 /* Project object */ = {
			isa = PBXProject;
			attributes = {
				LastSwiftUpdateCheck = 1130;
				LastUpgradeCheck = 1130;
				ORGANIZATIONNAME = "Hoang Tung";
				TargetAttributes = {
					6D677D0B23FBCB550056FE29 = {
						CreatedOnToolsVersion = 11.3.1;
					};
				};
			};
			buildConfigurationList = 6D677D0723FBCB550056FE29 /* Build configuration list for PBXProject "CloneContacts" */;
			compatibilityVersion = "Xcode 9.3";
			developmentRegion = en;
			hasScannedForEncodings = 0;
			knownRegions = (
				en,
				Base,
			);
			mainGroup = 6D677D0323FBCB550056FE29;
			productRefGroup = 6D677D0D23FBCB550056FE29 /* Products */;
			projectDirPath = "";
			projectRoot = "";
			targets = (
				6D677D0B23FBCB550056FE29 /* CloneContacts */,
			);
		};
/* End PBXProject section */

/* Begin PBXResourcesBuildPhase section */
		6D677D0A23FBCB550056FE29 /* Resources */ = {
			isa = PBXResourcesBuildPhase;
			buildActionMask = 2147483647;
			files = (
				6D677D1F23FBCB570056FE29 /* LaunchScreen.storyboard in Resources */,
				6D677D1C23FBCB570056FE29 /* Assets.xcassets in Resources */,
				6D677D1723FBCB550056FE29 /* Main.storyboard in Resources */,
			);
			runOnlyForDeploymentPostprocessing = 0;
		};
/* End PBXResourcesBuildPhase section */

/* Begin PBXSourcesBuildPhase section */
		6D677D0823FBCB550056FE29 /* Sources */ = {
			isa = PBXSourcesBuildPhase;
			buildActionMask = 2147483647;
			files = (
				6D677D1423FBCB550056FE29 /* ViewController.swift in Sources */,
				6D677D1023FBCB550056FE29 /* AppDelegate.swift in Sources */,
				6D696A5623FD1C1E00BAA7AB /* AddViewController.swift in Sources */,
				6D696A5023FBCF7F00BAA7AB /* User+CoreDataProperties.swift in Sources */,
				6D696A4E23FBCF7F00BAA7AB /* Phone+CoreDataProperties.swift in Sources */,
				6D696A4D23FBCF7F00BAA7AB /* Phone+CoreDataClass.swift in Sources */,
				6D696A5A23FD43F200BAA7AB /* ContactTableViewCell.swift in Sources */,
				6D677D1A23FBCB550056FE29 /* CloneContacts.xcdatamodeld in Sources */,
				6D677D1223FBCB550056FE29 /* SceneDelegate.swift in Sources */,
				6D696A5D23FD47D000BAA7AB /* DetailViewController.swift in Sources */,
				6D696A4F23FBCF7F00BAA7AB /* User+CoreDataClass.swift in Sources */,
			);
			runOnlyForDeploymentPostprocessing = 0;
		};
/* End PBXSourcesBuildPhase section */

/* Begin PBXVariantGroup section */
		6D677D1523FBCB550056FE29 /* Main.storyboard */ = {
			isa = PBXVariantGroup;
			children = (
				6D677D1623FBCB550056FE29 /* Base */,
			);
			name = Main.storyboard;
			sourceTree = "<group>";
		};
		6D677D1D23FBCB570056FE29 /* LaunchScreen.storyboard */ = {
			isa = PBXVariantGroup;
			children = (
				6D677D1E23FBCB570056FE29 /* Base */,
			);
			name = LaunchScreen.storyboard;
			sourceTree = "<group>";
		};
/* End PBXVariantGroup section */

/* Begin XCBuildConfiguration section */
		6D677D2123FBCB570056FE29 /* Debug */ = {
			isa = XCBuildConfiguration;
			buildSettings = {
				ALWAYS_SEARCH_USER_PATHS = NO;
				CLANG_ANALYZER_NONNULL = YES;
				CLANG_ANALYZER_NUMBER_OBJECT_CONVERSION = YES_AGGRESSIVE;
				CLANG_CXX_LANGUAGE_STANDARD = "gnu++14";
				CLANG_CXX_LIBRARY = "libc++";
				CLANG_ENABLE_MODULES = YES;
				CLANG_ENABLE_OBJC_ARC = YES;
				CLANG_ENABLE_OBJC_WEAK = YES;
				CLANG_WARN_BLOCK_CAPTURE_AUTORELEASING = YES;
				CLANG_WARN_BOOL_CONVERSION = YES;
				CLANG_WARN_COMMA = YES;
				CLANG_WARN_CONSTANT_CONVERSION = YES;
				CLANG_WARN_DEPRECATED_OBJC_IMPLEMENTATIONS = YES;
				CLANG_WARN_DIRECT_OBJC_ISA_USAGE = YES_ERROR;
				CLANG_WARN_DOCUMENTATION_COMMENTS = YES;
				CLANG_WARN_EMPTY_BODY = YES;
				CLANG_WARN_ENUM_CONVERSION = YES;
				CLANG_WARN_INFINITE_RECURSION = YES;
				CLANG_WARN_INT_CONVERSION = YES;
				CLANG_WARN_NON_LITERAL_NULL_CONVERSION = YES;
				CLANG_WARN_OBJC_IMPLICIT_RETAIN_SELF = YES;
				CLANG_WARN_OBJC_LITERAL_CONVERSION = YES;
				CLANG_WARN_OBJC_ROOT_CLASS = YES_ERROR;
				CLANG_WARN_RANGE_LOOP_ANALYSIS = YES;
				CLANG_WARN_STRICT_PROTOTYPES = YES;
				CLANG_WARN_SUSPICIOUS_MOVE = YES;
				CLANG_WARN_UNGUARDED_AVAILABILITY = YES_AGGRESSIVE;
				CLANG_WARN_UNREACHABLE_CODE = YES;
				CLANG_WARN__DUPLICATE_METHOD_MATCH = YES;
				COPY_PHASE_STRIP = NO;
				DEBUG_INFORMATION_FORMAT = dwarf;
				ENABLE_STRICT_OBJC_MSGSEND = YES;
				ENABLE_TESTABILITY = YES;
				GCC_C_LANGUAGE_STANDARD = gnu11;
				GCC_DYNAMIC_NO_PIC = NO;
				GCC_NO_COMMON_BLOCKS = YES;
				GCC_OPTIMIZATION_LEVEL = 0;
				GCC_PREPROCESSOR_DEFINITIONS = (
					"DEBUG=1",
					"$(inherited)",
				);
				GCC_WARN_64_TO_32_BIT_CONVERSION = YES;
				GCC_WARN_ABOUT_RETURN_TYPE = YES_ERROR;
				GCC_WARN_UNDECLARED_SELECTOR = YES;
				GCC_WARN_UNINITIALIZED_AUTOS = YES_AGGRESSIVE;
				GCC_WARN_UNUSED_FUNCTION = YES;
				GCC_WARN_UNUSED_VARIABLE = YES;
				IPHONEOS_DEPLOYMENT_TARGET = 13.2;
				MTL_ENABLE_DEBUG_INFO = INCLUDE_SOURCE;
				MTL_FAST_MATH = YES;
				ONLY_ACTIVE_ARCH = YES;
				SDKROOT = iphoneos;
				SWIFT_ACTIVE_COMPILATION_CONDITIONS = DEBUG;
				SWIFT_OPTIMIZATION_LEVEL = "-Onone";
			};
			name = Debug;
		};
		6D677D2223FBCB570056FE29 /* Release */ = {
			isa = XCBuildConfiguration;
			buildSettings = {
				ALWAYS_SEARCH_USER_PATHS = NO;
				CLANG_ANALYZER_NONNULL = YES;
				CLANG_ANALYZER_NUMBER_OBJECT_CONVERSION = YES_AGGRESSIVE;
				CLANG_CXX_LANGUAGE_STANDARD = "gnu++14";
				CLANG_CXX_LIBRARY = "libc++";
				CLANG_ENABLE_MODULES = YES;
				CLANG_ENABLE_OBJC_ARC = YES;
				CLANG_ENABLE_OBJC_WEAK = YES;
				CLANG_WARN_BLOCK_CAPTURE_AUTORELEASING = YES;
				CLANG_WARN_BOOL_CONVERSION = YES;
				CLANG_WARN_COMMA = YES;
				CLANG_WARN_CONSTANT_CONVERSION = YES;
				CLANG_WARN_DEPRECATED_OBJC_IMPLEMENTATIONS = YES;
				CLANG_WARN_DIRECT_OBJC_ISA_USAGE = YES_ERROR;
				CLANG_WARN_DOCUMENTATION_COMMENTS = YES;
				CLANG_WARN_EMPTY_BODY = YES;
				CLANG_WARN_ENUM_CONVERSION = YES;
				CLANG_WARN_INFINITE_RECURSION = YES;
				CLANG_WARN_INT_CONVERSION = YES;
				CLANG_WARN_NON_LITERAL_NULL_CONVERSION = YES;
				CLANG_WARN_OBJC_IMPLICIT_RETAIN_SELF = YES;
				CLANG_WARN_OBJC_LITERAL_CONVERSION = YES;
				CLANG_WARN_OBJC_ROOT_CLASS = YES_ERROR;
				CLANG_WARN_RANGE_LOOP_ANALYSIS = YES;
				CLANG_WARN_STRICT_PROTOTYPES = YES;
				CLANG_WARN_SUSPICIOUS_MOVE = YES;
				CLANG_WARN_UNGUARDED_AVAILABILITY = YES_AGGRESSIVE;
				CLANG_WARN_UNREACHABLE_CODE = YES;
				CLANG_WARN__DUPLICATE_METHOD_MATCH = YES;
				COPY_PHASE_STRIP = NO;
				DEBUG_INFORMATION_FORMAT = "dwarf-with-dsym";
				ENABLE_NS_ASSERTIONS = NO;
				ENABLE_STRICT_OBJC_MSGSEND = YES;
				GCC_C_LANGUAGE_STANDARD = gnu11;
				GCC_NO_COMMON_BLOCKS = YES;
				GCC_WARN_64_TO_32_BIT_CONVERSION = YES;
				GCC_WARN_ABOUT_RETURN_TYPE = YES_ERROR;
				GCC_WARN_UNDECLARED_SELECTOR = YES;
				GCC_WARN_UNINITIALIZED_AUTOS = YES_AGGRESSIVE;
				GCC_WARN_UNUSED_FUNCTION = YES;
				GCC_WARN_UNUSED_VARIABLE = YES;
				IPHONEOS_DEPLOYMENT_TARGET = 13.2;
				MTL_ENABLE_DEBUG_INFO = NO;
				MTL_FAST_MATH = YES;
				SDKROOT = iphoneos;
				SWIFT_COMPILATION_MODE = wholemodule;
				SWIFT_OPTIMIZATION_LEVEL = "-O";
				VALIDATE_PRODUCT = YES;
			};
			name = Release;
		};
		6D677D2423FBCB570056FE29 /* Debug */ = {
			isa = XCBuildConfiguration;
			buildSettings = {
				ASSETCATALOG_COMPILER_APPICON_NAME = AppIcon;
				CODE_SIGN_STYLE = Automatic;
				DEVELOPMENT_TEAM = 448WS6UWDS;
				INFOPLIST_FILE = CloneContacts/Info.plist;
				LD_RUNPATH_SEARCH_PATHS = (
					"$(inherited)",
					"@executable_path/Frameworks",
				);
				PRODUCT_BUNDLE_IDENTIFIER = tung.CloneContacts;
				PRODUCT_NAME = "$(TARGET_NAME)";
				SWIFT_VERSION = 5.0;
				TARGETED_DEVICE_FAMILY = "1,2";
			};
			name = Debug;
		};
		6D677D2523FBCB570056FE29 /* Release */ = {
			isa = XCBuildConfiguration;
			buildSettings = {
				ASSETCATALOG_COMPILER_APPICON_NAME = AppIcon;
				CODE_SIGN_STYLE = Automatic;
				DEVELOPMENT_TEAM = 448WS6UWDS;
				INFOPLIST_FILE = CloneContacts/Info.plist;
				LD_RUNPATH_SEARCH_PATHS = (
					"$(inherited)",
					"@executable_path/Frameworks",
				);
				PRODUCT_BUNDLE_IDENTIFIER = tung.CloneContacts;
				PRODUCT_NAME = "$(TARGET_NAME)";
				SWIFT_VERSION = 5.0;
				TARGETED_DEVICE_FAMILY = "1,2";
			};
			name = Release;
		};
/* End XCBuildConfiguration section */

/* Begin XCConfigurationList section */
		6D677D0723FBCB550056FE29 /* Build configuration list for PBXProject "CloneContacts" */ = {
			isa = XCConfigurationList;
			buildConfigurations = (
				6D677D2123FBCB570056FE29 /* Debug */,
				6D677D2223FBCB570056FE29 /* Release */,
			);
			defaultConfigurationIsVisible = 0;
			defaultConfigurationName = Release;
		};
		6D677D2323FBCB570056FE29 /* Build configuration list for PBXNativeTarget "CloneContacts" */ = {
			isa = XCConfigurationList;
			buildConfigurations = (
				6D677D2423FBCB570056FE29 /* Debug */,
				6D677D2523FBCB570056FE29 /* Release */,
			);
			defaultConfigurationIsVisible = 0;
			defaultConfigurationName = Release;
		};
/* End XCConfigurationList section */

/* Begin XCVersionGroup section */
		6D677D1823FBCB550056FE29 /* CloneContacts.xcdatamodeld */ = {
			isa = XCVersionGroup;
			children = (
				6D677D1923FBCB550056FE29 /* CloneContacts.xcdatamodel */,
			);
			currentVersion = 6D677D1923FBCB550056FE29 /* CloneContacts.xcdatamodel */;
			path = CloneContacts.xcdatamodeld;
			sourceTree = "<group>";
			versionGroupType = wrapper.xcdatamodel;
		};
/* End XCVersionGroup section */
	};
	rootObject = 6D677D0423FBCB550056FE29 /* Project object */;
}
